
Microsoft Visual Studio Solution File, Format Version 12.00
# Visual Studio Version 17
VisualStudioVersion = 17.14.37012.4 d17.14
MinimumVisualStudioVersion = 10.0.40219.1
Project("{FAE04EC0-301F-11D3-BF4B-00C04F79EFBC}") = "WindowsFormsApp_Bai3", "WindowsFormsApp_Bai3\WindowsFormsApp_Bai3.csproj", "{77876247-FD0A-4E06-9DAA-714F9C72DAA1}"
EndProject
Global
	GlobalSection(SolutionConfigurationPlatforms) = preSolution
		Debug|Any CPU = Debug|Any CPU
		Release|Any CPU = Release|Any CPU
	EndGlobalSection
	GlobalSection(ProjectConfigurationPlatforms) = postSolution
		{77876247-FD0A-4E06-9DAA-714F9C72DAA1}.Debug|Any CPU.ActiveCfg = Debug|Any CPU
		{77876247-FD0A-4E06-9DAA-714F9C72DAA1}.Debug|Any CPU.Build.0 = Debug|Any CPU
		{77876247-FD0A-4E06-9DAA-714F9C72DAA1}.Release|Any CPU.ActiveCfg = Release|Any CPU
		{77876247-FD0A-4E06-9DAA-714F9C72DAA1}.Release|Any CPU.Build.0 = Release|Any CPU
	EndGlobalSection
	GlobalSection(SolutionProperties) = preSolution
		HideSolutionNode = FALSE
	EndGlobalSection
	GlobalSection(ExtensibilityGlobals) = postSolution
		SolutionGuid = {2409A9C1-3208-47E2-AFA2-26B2B0543E22}
	EndGlobalSection
EndGlobal
